# This file is autogenerated, do not edit; changes may be undone by the next 'dep ensure'.


[[projects]]
  branch = "master"
  name = "github.com/juju/errors"
  packages = ["."]
  revision = "c7d06af17c68cd34c835053720b21f6549d9b0ee"

[solve-meta]
  analyzer-name = "dep"
  analyzer-version = 1
  inputs-digest = "14f68e9123f296c8f9be28fcebb3b7fb45bb959ada5ecf0da1549fecf6f0d833"
  solver-name = "gps-cdcl"
  solver-version = 1
